
Microsoft Visual Studio Solution File, Format Version 12.00
# Visual Studio Version 17
VisualStudioVersion = 17.0.31903.59
MinimumVisualStudioVersion = 10.0.40219.1
Project("{FAE04EC0-301F-11D3-BF4B-00C04F79EFBC}") = "Automaton.Core", "src\Automaton.Core\Automaton.Core.csproj", "{F6B77BAD-09D5-495F-88E7-35DE3E6A15CD}"
EndProject
Project("{FAE04EC0-301F-11D3-BF4B-00C04F79EFBC}") = "Automaton.Core.Tests", "src\Automaton.Core.Tests\Automaton.Core.Tests.csproj", "{1016DA54-F2C6-4CB3-A91C-8B0F584C3EF1}"
EndProject
Global
	GlobalSection(SolutionConfigurationPlatforms) = preSolution
		Debug|Any CPU = Debug|Any CPU
		Release|Any CPU = Release|Any CPU
	EndGlobalSection
	GlobalSection(SolutionProperties) = preSolution
		HideSolutionNode = FALSE
	EndGlobalSection
	GlobalSection(ProjectConfigurationPlatforms) = postSolution
		{F6B77BAD-09D5-495F-88E7-35DE3E6A15CD}.Debug|Any CPU.ActiveCfg = Debug|Any CPU
		{F6B77BAD-09D5-495F-88E7-35DE3E6A15CD}.Debug|Any CPU.Build.0 = Debug|Any CPU
		{F6B77BAD-09D5-495F-88E7-35DE3E6A15CD}.Release|Any CPU.ActiveCfg = Release|Any CPU
		{F6B77BAD-09D5-495F-88E7-35DE3E6A15CD}.Release|Any CPU.Build.0 = Release|Any CPU
		{1016DA54-F2C6-4CB3-A91C-8B0F584C3EF1}.Debug|Any CPU.ActiveCfg = Debug|Any CPU
		{1016DA54-F2C6-4CB3-A91C-8B0F584C3EF1}.Debug|Any CPU.Build.0 = Debug|Any CPU
		{1016DA54-F2C6-4CB3-A91C-8B0F584C3EF1}.Release|Any CPU.ActiveCfg = Release|Any CPU
		{1016DA54-F2C6-4CB3-A91C-8B0F584C3EF1}.Release|Any CPU.Build.0 = Release|Any CPU
	EndGlobalSection
EndGlobal
